
Microsoft Visual Studio Solution File, Format Version 12.00
# Visual Studio Version 17
VisualStudioVersion = 17.13.35919.96
MinimumVisualStudioVersion = 10.0.40219.1
Project("{FAE04EC0-301F-11D3-BF4B-00C04F79EFBC}") = "AccountService", "Account Service\AccountService.csproj", "{3E23E670-3B1B-4567-A6AE-1152550AD233}"
EndProject
Project("{FAE04EC0-301F-11D3-BF4B-00C04F79EFBC}") = "AccountService.Tests", "AccountService.Tests\AccountService.Tests.csproj", "{A31AAA5A-890C-4BD8-99A6-266A1631229A}"
EndProject
Global
	GlobalSection(SolutionConfigurationPlatforms) = preSolution
		Debug|Any CPU = Debug|Any CPU
		Release|Any CPU = Release|Any CPU
	EndGlobalSection
	GlobalSection(ProjectConfigurationPlatforms) = postSolution
		{3E23E670-3B1B-4567-A6AE-1152550AD233}.Debug|Any CPU.ActiveCfg = Debug|Any CPU
		{3E23E670-3B1B-4567-A6AE-1152550AD233}.Debug|Any CPU.Build.0 = Debug|Any CPU
		{3E23E670-3B1B-4567-A6AE-1152550AD233}.Release|Any CPU.ActiveCfg = Release|Any CPU
		{3E23E670-3B1B-4567-A6AE-1152550AD233}.Release|Any CPU.Build.0 = Release|Any CPU
		{A31AAA5A-890C-4BD8-99A6-266A1631229A}.Debug|Any CPU.ActiveCfg = Debug|Any CPU
		{A31AAA5A-890C-4BD8-99A6-266A1631229A}.Debug|Any CPU.Build.0 = Debug|Any CPU
		{A31AAA5A-890C-4BD8-99A6-266A1631229A}.Release|Any CPU.ActiveCfg = Release|Any CPU
		{A31AAA5A-890C-4BD8-99A6-266A1631229A}.Release|Any CPU.Build.0 = Release|Any CPU
	EndGlobalSection
	GlobalSection(SolutionProperties) = preSolution
		HideSolutionNode = FALSE
	EndGlobalSection
	GlobalSection(ExtensibilityGlobals) = postSolution
		SolutionGuid = {02529FC9-81DC-4DBE-A541-36E6E880D641}
	EndGlobalSection
EndGlobal
